// !$*UTF8*$!
{
	archiveVersion = 1;
	classes = {
	};
	objectVersion = 50;
	objects = {

/* Begin PBXBuildFile section */
		F60BF2E4238813ED00B77200 /* WelcomeViewController.swift in Sources */ = {isa = PBXBuildFile; fileRef = F60BF2E3238813ED00B77200 /* WelcomeViewController.swift */; };
		F6224EBC238BB1AC0048BF7D /* FeltTipRoman-Bold.otf in Resources */ = {isa = PBXBuildFile; fileRef = F6224EBA238BB1AC0048BF7D /* FeltTipRoman-Bold.otf */; };
		F6224EBD238BB1AC0048BF7D /* FeltTipRoman-Heavy.otf in Resources */ = {isa = PBXBuildFile; fileRef = F6224EBB238BB1AC0048BF7D /* FeltTipRoman-Heavy.otf */; };
		F633C90F2383E503003B7101 /* AppDelegate.swift in Sources */ = {isa = PBXBuildFile; fileRef = F633C90E2383E503003B7101 /* AppDelegate.swift */; };
		F633C9112383E503003B7101 /* SceneDelegate.swift in Sources */ = {isa = PBXBuildFile; fileRef = F633C9102383E503003B7101 /* SceneDelegate.swift */; };
		F633C9132383E503003B7101 /* GameViewController.swift in Sources */ = {isa = PBXBuildFile; fileRef = F633C9122383E503003B7101 /* GameViewController.swift */; };
		F633C9162383E503003B7101 /* Main.storyboard in Resources */ = {isa = PBXBuildFile; fileRef = F633C9142383E503003B7101 /* Main.storyboard */; };
		F633C9182383E503003B7101 /* Assets.xcassets in Resources */ = {isa = PBXBuildFile; fileRef = F633C9172383E503003B7101 /* Assets.xcassets */; };
		F633C91B2383E503003B7101 /* LaunchScreen.storyboard in Resources */ = {isa = PBXBuildFile; fileRef = F633C9192383E503003B7101 /* LaunchScreen.storyboard */; };
		F6341FA923895C01004F2758 /* DataFetch.swift in Sources */ = {isa = PBXBuildFile; fileRef = F6341FA823895C01004F2758 /* DataFetch.swift */; };
		F6847B6423881B0A00055154 /* ResultViewController.swift in Sources */ = {isa = PBXBuildFile; fileRef = F6847B6323881B0A00055154 /* ResultViewController.swift */; };
		F6847B6B23882EDB00055154 /* Configuration.swift in Sources */ = {isa = PBXBuildFile; fileRef = F6847B6A23882EDB00055154 /* Configuration.swift */; };
		F6C444032384064C00174156 /* Question.swift in Sources */ = {isa = PBXBuildFile; fileRef = F6C444012384034400174156 /* Question.swift */; };
		F6D128CB23872CCF001124D2 /* Result.swift in Sources */ = {isa = PBXBuildFile; fileRef = F6D128CA23872CCF001124D2 /* Result.swift */; };
/* End PBXBuildFile section */

/* Begin PBXFileReference section */
		F60BF2E3238813ED00B77200 /* WelcomeViewController.swift */ = {isa = PBXFileReference; lastKnownFileType = sourcecode.swift; path = WelcomeViewController.swift; sourceTree = "<group>"; };
		F6224EBA238BB1AC0048BF7D /* FeltTipRoman-Bold.otf */ = {isa = PBXFileReference; lastKnownFileType = file; path = "FeltTipRoman-Bold.otf"; sourceTree = "<group>"; };
		F6224EBB238BB1AC0048BF7D /* FeltTipRoman-Heavy.otf */ = {isa = PBXFileReference; lastKnownFileType = file; path = "FeltTipRoman-Heavy.otf"; sourceTree = "<group>"; };
		F633C90B2383E503003B7101 /* JaywayQuiz.app */ = {isa = PBXFileReference; explicitFileType = wrapper.application; includeInIndex = 0; path = JaywayQuiz.app; sourceTree = BUILT_PRODUCTS_DIR; };
		F633C90E2383E503003B7101 /* AppDelegate.swift */ = {isa = PBXFileReference; lastKnownFileType = sourcecode.swift; path = AppDelegate.swift; sourceTree = "<group>"; };
		F633C9102383E503003B7101 /* SceneDelegate.swift */ = {isa = PBXFileReference; lastKnownFileType = sourcecode.swift; path = SceneDelegate.swift; sourceTree = "<group>"; };
		F633C9122383E503003B7101 /* GameViewController.swift */ = {isa = PBXFileReference; lastKnownFileType = sourcecode.swift; path = GameViewController.swift; sourceTree = "<group>"; };
		F633C9152383E503003B7101 /* Base */ = {isa = PBXFileReference; lastKnownFileType = file.storyboard; name = Base; path = Base.lproj/Main.storyboard; sourceTree = "<group>"; };
		F633C9172383E503003B7101 /* Assets.xcassets */ = {isa = PBXFileReference; lastKnownFileType = folder.assetcatalog; path = Assets.xcassets; sourceTree = "<group>"; };
		F633C91A2383E503003B7101 /* Base */ = {isa = PBXFileReference; lastKnownFileType = file.storyboard; name = Base; path = Base.lproj/LaunchScreen.storyboard; sourceTree = "<group>"; };
		F633C91C2383E503003B7101 /* Info.plist */ = {isa = PBXFileReference; lastKnownFileType = text.plist.xml; path = Info.plist; sourceTree = "<group>"; };
		F6341FA823895C01004F2758 /* DataFetch.swift */ = {isa = PBXFileReference; lastKnownFileType = sourcecode.swift; path = DataFetch.swift; sourceTree = "<group>"; };
		F6847B6323881B0A00055154 /* ResultViewController.swift */ = {isa = PBXFileReference; lastKnownFileType = sourcecode.swift; path = ResultViewController.swift; sourceTree = "<group>"; };
		F6847B6A23882EDB00055154 /* Configuration.swift */ = {isa = PBXFileReference; lastKnownFileType = sourcecode.swift; path = Configuration.swift; sourceTree = "<group>"; };
		F6C444012384034400174156 /* Question.swift */ = {isa = PBXFileReference; lastKnownFileType = sourcecode.swift; path = Question.swift; sourceTree = "<group>"; };
		F6D128CA23872CCF001124D2 /* Result.swift */ = {isa = PBXFileReference; lastKnownFileType = sourcecode.swift; path = Result.swift; sourceTree = "<group>"; };
/* End PBXFileReference section */

/* Begin PBXFrameworksBuildPhase section */
		F633C9082383E502003B7101 /* Frameworks */ = {
			isa = PBXFrameworksBuildPhase;
			buildActionMask = 2147483647;
			files = (
			);
			runOnlyForDeploymentPostprocessing = 0;
		};
/* End PBXFrameworksBuildPhase section */

/* Begin PBXGroup section */
		F6224EB9238BB1830048BF7D /* Fonts */ = {
			isa = PBXGroup;
			children = (
				F6224EBA238BB1AC0048BF7D /* FeltTipRoman-Bold.otf */,
				F6224EBB238BB1AC0048BF7D /* FeltTipRoman-Heavy.otf */,
			);
			path = Fonts;
			sourceTree = "<group>";
		};
		F633C9022383E502003B7101 = {
			isa = PBXGroup;
			children = (
				F633C90D2383E503003B7101 /* JaywayQuiz */,
				F633C90C2383E503003B7101 /* Products */,
			);
			sourceTree = "<group>";
		};
		F633C90C2383E503003B7101 /* Products */ = {
			isa = PBXGroup;
			children = (
				F633C90B2383E503003B7101 /* JaywayQuiz.app */,
			);
			name = Products;
			sourceTree = "<group>";
		};
		F633C90D2383E503003B7101 /* JaywayQuiz */ = {
			isa = PBXGroup;
			children = (
				F6224EB9238BB1830048BF7D /* Fonts */,
				F6847B6823882BF800055154 /* Delegates */,
				F6847B6923882C0F00055154 /* Model */,
				F6847B6623882BB000055154 /* ViewControllers */,
				F6847B6723882BE300055154 /* Storyboards */,
				F633C9172383E503003B7101 /* Assets.xcassets */,
				F633C91C2383E503003B7101 /* Info.plist */,
			);
			path = JaywayQuiz;
			sourceTree = "<group>";
		};
		F6847B6623882BB000055154 /* ViewControllers */ = {
			isa = PBXGroup;
			children = (
				F60BF2E3238813ED00B77200 /* WelcomeViewController.swift */,
				F633C9122383E503003B7101 /* GameViewController.swift */,
				F6847B6323881B0A00055154 /* ResultViewController.swift */,
			);
			path = ViewControllers;
			sourceTree = "<group>";
		};
		F6847B6723882BE300055154 /* Storyboards */ = {
			isa = PBXGroup;
			children = (
				F633C9142383E503003B7101 /* Main.storyboard */,
				F633C9192383E503003B7101 /* LaunchScreen.storyboard */,
			);
			path = Storyboards;
			sourceTree = "<group>";
		};
		F6847B6823882BF800055154 /* Delegates */ = {
			isa = PBXGroup;
			children = (
				F633C90E2383E503003B7101 /* AppDelegate.swift */,
				F633C9102383E503003B7101 /* SceneDelegate.swift */,
			);
			path = Delegates;
			sourceTree = "<group>";
		};
		F6847B6923882C0F00055154 /* Model */ = {
			isa = PBXGroup;
			children = (
				F6341FA823895C01004F2758 /* DataFetch.swift */,
				F6D128CA23872CCF001124D2 /* Result.swift */,
				F6C444012384034400174156 /* Question.swift */,
				F6847B6A23882EDB00055154 /* Configuration.swift */,
			);
			path = Model;
			sourceTree = "<group>";
		};
/* End PBXGroup section */

/* Begin PBXNativeTarget section */
		F633C90A2383E502003B7101 /* JaywayQuiz */ = {
			isa = PBXNativeTarget;
			buildConfigurationList = F633C91F2383E503003B7101 /* Build configuration list for PBXNativeTarget "JaywayQuiz" */;
			buildPhases = (
				F633C9072383E502003B7101 /* Sources */,
				F633C9082383E502003B7101 /* Frameworks */,
				F633C9092383E502003B7101 /* Resources */,
			);
			buildRules = (
			);
			dependencies = (
			);
			name = JaywayQuiz;
			productName = JaywayQuiz;
			productReference = F633C90B2383E503003B7101 /* JaywayQuiz.app */;
			productType = "com.apple.product-type.application";
		};
/* End PBXNativeTarget section */

/* Begin PBXProject section */
		F633C9032383E502003B7101 /* Project object */ = {
			isa = PBXProject;
			attributes = {
				LastSwiftUpdateCheck = 1120;
				LastUpgradeCheck = 1120;
				ORGANIZATIONNAME = "Bjørn Lau Jørgensen";
				TargetAttributes = {
					F633C90A2383E502003B7101 = {
						CreatedOnToolsVersion = 11.2.1;
					};
				};
			};
			buildConfigurationList = F633C9062383E502003B7101 /* Build configuration list for PBXProject "JaywayQuiz" */;
			compatibilityVersion = "Xcode 9.3";
			developmentRegion = en;
			hasScannedForEncodings = 0;
			knownRegions = (
				en,
				Base,
			);
			mainGroup = F633C9022383E502003B7101;
			productRefGroup = F633C90C2383E503003B7101 /* Products */;
			projectDirPath = "";
			projectRoot = "";
			targets = (
				F633C90A2383E502003B7101 /* JaywayQuiz */,
			);
		};
/* End PBXProject section */

/* Begin PBXResourcesBuildPhase section */
		F633C9092383E502003B7101 /* Resources */ = {
			isa = PBXResourcesBuildPhase;
			buildActionMask = 2147483647;
			files = (
				F6224EBD238BB1AC0048BF7D /* FeltTipRoman-Heavy.otf in Resources */,
				F633C91B2383E503003B7101 /* LaunchScreen.storyboard in Resources */,
				F633C9182383E503003B7101 /* Assets.xcassets in Resources */,
				F633C9162383E503003B7101 /* Main.storyboard in Resources */,
				F6224EBC238BB1AC0048BF7D /* FeltTipRoman-Bold.otf in Resources */,
			);
			runOnlyForDeploymentPostprocessing = 0;
		};
/* End PBXResourcesBuildPhase section */

/* Begin PBXSourcesBuildPhase section */
		F633C9072383E502003B7101 /* Sources */ = {
			isa = PBXSourcesBuildPhase;
			buildActionMask = 2147483647;
			files = (
				F6D128CB23872CCF001124D2 /* Result.swift in Sources */,
				F633C9132383E503003B7101 /* GameViewController.swift in Sources */,
				F6847B6B23882EDB00055154 /* Configuration.swift in Sources */,
				F6847B6423881B0A00055154 /* ResultViewController.swift in Sources */,
				F633C90F2383E503003B7101 /* AppDelegate.swift in Sources */,
				F6341FA923895C01004F2758 /* DataFetch.swift in Sources */,
				F633C9112383E503003B7101 /* SceneDelegate.swift in Sources */,
				F6C444032384064C00174156 /* Question.swift in Sources */,
				F60BF2E4238813ED00B77200 /* WelcomeViewController.swift in Sources */,
			);
			runOnlyForDeploymentPostprocessing = 0;
		};
/* End PBXSourcesBuildPhase section */

/* Begin PBXVariantGroup section */
		F633C9142383E503003B7101 /* Main.storyboard */ = {
			isa = PBXVariantGroup;
			children = (
				F633C9152383E503003B7101 /* Base */,
			);
			name = Main.storyboard;
			sourceTree = "<group>";
		};
		F633C9192383E503003B7101 /* LaunchScreen.storyboard */ = {
			isa = PBXVariantGroup;
			children = (
				F633C91A2383E503003B7101 /* Base */,
			);
			name = LaunchScreen.storyboard;
			sourceTree = "<group>";
		};
/* End PBXVariantGroup section */

/* Begin XCBuildConfiguration section */
		F633C91D2383E503003B7101 /* Debug */ = {
			isa = XCBuildConfiguration;
			buildSettings = {
				ALWAYS_SEARCH_USER_PATHS = NO;
				CLANG_ANALYZER_NONNULL = YES;
				CLANG_ANALYZER_NUMBER_OBJECT_CONVERSION = YES_AGGRESSIVE;
				CLANG_CXX_LANGUAGE_STANDARD = "gnu++14";
				CLANG_CXX_LIBRARY = "libc++";
				CLANG_ENABLE_MODULES = YES;
				CLANG_ENABLE_OBJC_ARC = YES;
				CLANG_ENABLE_OBJC_WEAK = YES;
				CLANG_WARN_BLOCK_CAPTURE_AUTORELEASING = YES;
				CLANG_WARN_BOOL_CONVERSION = YES;
				CLANG_WARN_COMMA = YES;
				CLANG_WARN_CONSTANT_CONVERSION = YES;
				CLANG_WARN_DEPRECATED_OBJC_IMPLEMENTATIONS = YES;
				CLANG_WARN_DIRECT_OBJC_ISA_USAGE = YES_ERROR;
				CLANG_WARN_DOCUMENTATION_COMMENTS = YES;
				CLANG_WARN_EMPTY_BODY = YES;
				CLANG_WARN_ENUM_CONVERSION = YES;
				CLANG_WARN_INFINITE_RECURSION = YES;
				CLANG_WARN_INT_CONVERSION = YES;
				CLANG_WARN_NON_LITERAL_NULL_CONVERSION = YES;
				CLANG_WARN_OBJC_IMPLICIT_RETAIN_SELF = YES;
				CLANG_WARN_OBJC_LITERAL_CONVERSION = YES;
				CLANG_WARN_OBJC_ROOT_CLASS = YES_ERROR;
				CLANG_WARN_RANGE_LOOP_ANALYSIS = YES;
				CLANG_WARN_STRICT_PROTOTYPES = YES;
				CLANG_WARN_SUSPICIOUS_MOVE = YES;
				CLANG_WARN_UNGUARDED_AVAILABILITY = YES_AGGRESSIVE;
				CLANG_WARN_UNREACHABLE_CODE = YES;
				CLANG_WARN__DUPLICATE_METHOD_MATCH = YES;
				COPY_PHASE_STRIP = NO;
				DEBUG_INFORMATION_FORMAT = dwarf;
				ENABLE_STRICT_OBJC_MSGSEND = YES;
				ENABLE_TESTABILITY = YES;
				GCC_C_LANGUAGE_STANDARD = gnu11;
				GCC_DYNAMIC_NO_PIC = NO;
				GCC_NO_COMMON_BLOCKS = YES;
				GCC_OPTIMIZATION_LEVEL = 0;
				GCC_PREPROCESSOR_DEFINITIONS = (
					"DEBUG=1",
					"$(inherited)",
				);
				GCC_WARN_64_TO_32_BIT_CONVERSION = YES;
				GCC_WARN_ABOUT_RETURN_TYPE = YES_ERROR;
				GCC_WARN_UNDECLARED_SELECTOR = YES;
				GCC_WARN_UNINITIALIZED_AUTOS = YES_AGGRESSIVE;
				GCC_WARN_UNUSED_FUNCTION = YES;
				GCC_WARN_UNUSED_VARIABLE = YES;
				IPHONEOS_DEPLOYMENT_TARGET = 13.2;
				MTL_ENABLE_DEBUG_INFO = INCLUDE_SOURCE;
				MTL_FAST_MATH = YES;
				ONLY_ACTIVE_ARCH = YES;
				SDKROOT = iphoneos;
				SWIFT_ACTIVE_COMPILATION_CONDITIONS = DEBUG;
				SWIFT_OPTIMIZATION_LEVEL = "-Onone";
			};
			name = Debug;
		};
		F633C91E2383E503003B7101 /* Release */ = {
			isa = XCBuildConfiguration;
			buildSettings = {
				ALWAYS_SEARCH_USER_PATHS = NO;
				CLANG_ANALYZER_NONNULL = YES;
				CLANG_ANALYZER_NUMBER_OBJECT_CONVERSION = YES_AGGRESSIVE;
				CLANG_CXX_LANGUAGE_STANDARD = "gnu++14";
				CLANG_CXX_LIBRARY = "libc++";
				CLANG_ENABLE_MODULES = YES;
				CLANG_ENABLE_OBJC_ARC = YES;
				CLANG_ENABLE_OBJC_WEAK = YES;
				CLANG_WARN_BLOCK_CAPTURE_AUTORELEASING = YES;
				CLANG_WARN_BOOL_CONVERSION = YES;
				CLANG_WARN_COMMA = YES;
				CLANG_WARN_CONSTANT_CONVERSION = YES;
				CLANG_WARN_DEPRECATED_OBJC_IMPLEMENTATIONS = YES;
				CLANG_WARN_DIRECT_OBJC_ISA_USAGE = YES_ERROR;
				CLANG_WARN_DOCUMENTATION_COMMENTS = YES;
				CLANG_WARN_EMPTY_BODY = YES;
				CLANG_WARN_ENUM_CONVERSION = YES;
				CLANG_WARN_INFINITE_RECURSION = YES;
				CLANG_WARN_INT_CONVERSION = YES;
				CLANG_WARN_NON_LITERAL_NULL_CONVERSION = YES;
				CLANG_WARN_OBJC_IMPLICIT_RETAIN_SELF = YES;
				CLANG_WARN_OBJC_LITERAL_CONVERSION = YES;
				CLANG_WARN_OBJC_ROOT_CLASS = YES_ERROR;
				CLANG_WARN_RANGE_LOOP_ANALYSIS = YES;
				CLANG_WARN_STRICT_PROTOTYPES = YES;
				CLANG_WARN_SUSPICIOUS_MOVE = YES;
				CLANG_WARN_UNGUARDED_AVAILABILITY = YES_AGGRESSIVE;
				CLANG_WARN_UNREACHABLE_CODE = YES;
				CLANG_WARN__DUPLICATE_METHOD_MATCH = YES;
				COPY_PHASE_STRIP = NO;
				DEBUG_INFORMATION_FORMAT = "dwarf-with-dsym";
				ENABLE_NS_ASSERTIONS = NO;
				ENABLE_STRICT_OBJC_MSGSEND = YES;
				GCC_C_LANGUAGE_STANDARD = gnu11;
				GCC_NO_COMMON_BLOCKS = YES;
				GCC_WARN_64_TO_32_BIT_CONVERSION = YES;
				GCC_WARN_ABOUT_RETURN_TYPE = YES_ERROR;
				GCC_WARN_UNDECLARED_SELECTOR = YES;
				GCC_WARN_UNINITIALIZED_AUTOS = YES_AGGRESSIVE;
				GCC_WARN_UNUSED_FUNCTION = YES;
				GCC_WARN_UNUSED_VARIABLE = YES;
				IPHONEOS_DEPLOYMENT_TARGET = 13.2;
				MTL_ENABLE_DEBUG_INFO = NO;
				MTL_FAST_MATH = YES;
				SDKROOT = iphoneos;
				SWIFT_COMPILATION_MODE = wholemodule;
				SWIFT_OPTIMIZATION_LEVEL = "-O";
				VALIDATE_PRODUCT = YES;
			};
			name = Release;
		};
		F633C9202383E503003B7101 /* Debug */ = {
			isa = XCBuildConfiguration;
			buildSettings = {
				ASSETCATALOG_COMPILER_APPICON_NAME = AppIcon;
				CODE_SIGN_STYLE = Automatic;
				DEVELOPMENT_TEAM = SBGL4S82U2;
				INFOPLIST_FILE = JaywayQuiz/Info.plist;
				LD_RUNPATH_SEARCH_PATHS = (
					"$(inherited)",
					"@executable_path/Frameworks",
				);
				PRODUCT_BUNDLE_IDENTIFIER = art.bjornlau.JaywayQuiz;
				PRODUCT_NAME = "$(TARGET_NAME)";
				SWIFT_VERSION = 5.0;
				TARGETED_DEVICE_FAMILY = "1,2";
			};
			name = Debug;
		};
		F633C9212383E503003B7101 /* Release */ = {
			isa = XCBuildConfiguration;
			buildSettings = {
				ASSETCATALOG_COMPILER_APPICON_NAME = AppIcon;
				CODE_SIGN_STYLE = Automatic;
				DEVELOPMENT_TEAM = SBGL4S82U2;
				INFOPLIST_FILE = JaywayQuiz/Info.plist;
				LD_RUNPATH_SEARCH_PATHS = (
					"$(inherited)",
					"@executable_path/Frameworks",
				);
				PRODUCT_BUNDLE_IDENTIFIER = art.bjornlau.JaywayQuiz;
				PRODUCT_NAME = "$(TARGET_NAME)";
				SWIFT_VERSION = 5.0;
				TARGETED_DEVICE_FAMILY = "1,2";
			};
			name = Release;
		};
/* End XCBuildConfiguration section */

/* Begin XCConfigurationList section */
		F633C9062383E502003B7101 /* Build configuration list for PBXProject "JaywayQuiz" */ = {
			isa = XCConfigurationList;
			buildConfigurations = (
				F633C91D2383E503003B7101 /* Debug */,
				F633C91E2383E503003B7101 /* Release */,
			);
			defaultConfigurationIsVisible = 0;
			defaultConfigurationName = Release;
		};
		F633C91F2383E503003B7101 /* Build configuration list for PBXNativeTarget "JaywayQuiz" */ = {
			isa = XCConfigurationList;
			buildConfigurations = (
				F633C9202383E503003B7101 /* Debug */,
				F633C9212383E503003B7101 /* Release */,
			);
			defaultConfigurationIsVisible = 0;
			defaultConfigurationName = Release;
		};
/* End XCConfigurationList section */
	};
	rootObject = F633C9032383E502003B7101 /* Project object */;
}
